
Microsoft Visual Studio Solution File, Format Version 12.00
# Visual Studio Version 16
VisualStudioVersion = 16.0.31019.35
MinimumVisualStudioVersion = 10.0.40219.1
Project("{FAE04EC0-301F-11D3-BF4B-00C04F79EFBC}") = "HalconWPF", "HalconWPF.csproj", "{B8B91094-5467-4A08-B629-608D3E6D206D}"
EndProject
Global
	GlobalSection(SolutionConfigurationPlatforms) = preSolution
		Debug|Any CPU = Debug|Any CPU
		Release|Any CPU = Release|Any CPU
	EndGlobalSection
	GlobalSection(ProjectConfigurationPlatforms) = postSolution
		{B8B91094-5467-4A08-B629-608D3E6D206D}.Debug|Any CPU.ActiveCfg = Debug|Any CPU
		{B8B91094-5467-4A08-B629-608D3E6D206D}.Debug|Any CPU.Build.0 = Debug|Any CPU
		{B8B91094-5467-4A08-B629-608D3E6D206D}.Release|Any CPU.ActiveCfg = Release|Any CPU
		{B8B91094-5467-4A08-B629-608D3E6D206D}.Release|Any CPU.Build.0 = Release|Any CPU
	EndGlobalSection
	GlobalSection(SolutionProperties) = preSolution
		HideSolutionNode = FALSE
	EndGlobalSection
	GlobalSection(ExtensibilityGlobals) = postSolution
		SolutionGuid = {3BBA1B90-36CB-41A6-B06E-4E7338080977}
	EndGlobalSection
EndGlobal
