
Microsoft Visual Studio Solution File, Format Version 12.00
# Visual Studio 15
VisualStudioVersion = 15.0.28307.1525
MinimumVisualStudioVersion = 10.0.40219.1
Project("{FAE04EC0-301F-11D3-BF4B-00C04F79EFBC}") = "Main_Ui", "Main_Ui\Main_Ui.csproj", "{19D133E6-0F4C-4A21-A0B0-B82B73EDBBE8}"
EndProject
Global
	GlobalSection(SolutionConfigurationPlatforms) = preSolution
		Debug|Any CPU = Debug|Any CPU
		Release|Any CPU = Release|Any CPU
	EndGlobalSection
	GlobalSection(ProjectConfigurationPlatforms) = postSolution
		{19D133E6-0F4C-4A21-A0B0-B82B73EDBBE8}.Debug|Any CPU.ActiveCfg = Debug|Any CPU
		{19D133E6-0F4C-4A21-A0B0-B82B73EDBBE8}.Debug|Any CPU.Build.0 = Debug|Any CPU
		{19D133E6-0F4C-4A21-A0B0-B82B73EDBBE8}.Release|Any CPU.ActiveCfg = Release|Any CPU
		{19D133E6-0F4C-4A21-A0B0-B82B73EDBBE8}.Release|Any CPU.Build.0 = Release|Any CPU
	EndGlobalSection
	GlobalSection(SolutionProperties) = preSolution
		HideSolutionNode = FALSE
	EndGlobalSection
	GlobalSection(ExtensibilityGlobals) = postSolution
		SolutionGuid = {1FF18CA8-C3C1-4090-9AAA-337BD1C7C7E5}
	EndGlobalSection
EndGlobal
